// !$*UTF8*$!
{
	archiveVersion = 1;
	classes = {
	};
	objectVersion = 46;
	objects = {

/* Begin PBXBuildFile section */
		965B55291E8E565D00845FBE /* main.m in Sources */ = {isa = PBXBuildFile; fileRef = 965B55281E8E565D00845FBE /* main.m */; };
		965B552C1E8E565D00845FBE /* AppDelegate.m in Sources */ = {isa = PBXBuildFile; fileRef = 965B552B1E8E565D00845FBE /* AppDelegate.m */; };
		965B552F1E8E565D00845FBE /* ViewController.m in Sources */ = {isa = PBXBuildFile; fileRef = 965B552E1E8E565D00845FBE /* ViewController.m */; };
		965B55321E8E565D00845FBE /* Main.storyboard in Resources */ = {isa = PBXBuildFile; fileRef = 965B55301E8E565D00845FBE /* Main.storyboard */; };
		965B55341E8E565D00845FBE /* Assets.xcassets in Resources */ = {isa = PBXBuildFile; fileRef = 965B55331E8E565D00845FBE /* Assets.xcassets */; };
		965B55371E8E565D00845FBE /* LaunchScreen.storyboard in Resources */ = {isa = PBXBuildFile; fileRef = 965B55351E8E565D00845FBE /* LaunchScreen.storyboard */; };
		965B55421E8E56B600845FBE /* redIcon@3x.png in Resources */ = {isa = PBXBuildFile; fileRef = 965B553E1E8E56B600845FBE /* redIcon@3x.png */; };
		965B55431E8E56B600845FBE /* redIcon@2x.png in Resources */ = {isa = PBXBuildFile; fileRef = 965B553F1E8E56B600845FBE /* redIcon@2x.png */; };
		965B554C1E8E732400845FBE /* blueIcon@2x.png in Resources */ = {isa = PBXBuildFile; fileRef = 965B554A1E8E732400845FBE /* blueIcon@2x.png */; };
		965B554D1E8E732400845FBE /* blueIcon@3x.png in Resources */ = {isa = PBXBuildFile; fileRef = 965B554B1E8E732400845FBE /* blueIcon@3x.png */; };
		96DD107F1E8F5422003F59C1 /* blackIcon@2x.png in Resources */ = {isa = PBXBuildFile; fileRef = 96DD107D1E8F5422003F59C1 /* blackIcon@2x.png */; };
		96DD10801E8F5422003F59C1 /* blackIcon@3x.png in Resources */ = {isa = PBXBuildFile; fileRef = 96DD107E1E8F5422003F59C1 /* blackIcon@3x.png */; };
/* End PBXBuildFile section */

/* Begin PBXFileReference section */
		965B55241E8E565D00845FBE /* AlternateIconsDemo.app */ = {isa = PBXFileReference; explicitFileType = wrapper.application; includeInIndex = 0; path = AlternateIconsDemo.app; sourceTree = BUILT_PRODUCTS_DIR; };
		965B55281E8E565D00845FBE /* main.m */ = {isa = PBXFileReference; lastKnownFileType = sourcecode.c.objc; path = main.m; sourceTree = "<group>"; };
		965B552A1E8E565D00845FBE /* AppDelegate.h */ = {isa = PBXFileReference; lastKnownFileType = sourcecode.c.h; path = AppDelegate.h; sourceTree = "<group>"; };
		965B552B1E8E565D00845FBE /* AppDelegate.m */ = {isa = PBXFileReference; lastKnownFileType = sourcecode.c.objc; path = AppDelegate.m; sourceTree = "<group>"; };
		965B552D1E8E565D00845FBE /* ViewController.h */ = {isa = PBXFileReference; lastKnownFileType = sourcecode.c.h; path = ViewController.h; sourceTree = "<group>"; };
		965B552E1E8E565D00845FBE /* ViewController.m */ = {isa = PBXFileReference; lastKnownFileType = sourcecode.c.objc; path = ViewController.m; sourceTree = "<group>"; };
		965B55311E8E565D00845FBE /* Base */ = {isa = PBXFileReference; lastKnownFileType = file.storyboard; name = Base; path = Base.lproj/Main.storyboard; sourceTree = "<group>"; };
		965B55331E8E565D00845FBE /* Assets.xcassets */ = {isa = PBXFileReference; lastKnownFileType = folder.assetcatalog; path = Assets.xcassets; sourceTree = "<group>"; };
		965B55361E8E565D00845FBE /* Base */ = {isa = PBXFileReference; lastKnownFileType = file.storyboard; name = Base; path = Base.lproj/LaunchScreen.storyboard; sourceTree = "<group>"; };
		965B55381E8E565D00845FBE /* Info.plist */ = {isa = PBXFileReference; lastKnownFileType = text.plist.xml; path = Info.plist; sourceTree = "<group>"; };
		965B553E1E8E56B600845FBE /* redIcon@3x.png */ = {isa = PBXFileReference; lastKnownFileType = image.png; path = "redIcon@3x.png"; sourceTree = "<group>"; };
		965B553F1E8E56B600845FBE /* redIcon@2x.png */ = {isa = PBXFileReference; lastKnownFileType = image.png; path = "redIcon@2x.png"; sourceTree = "<group>"; };
		965B554A1E8E732400845FBE /* blueIcon@2x.png */ = {isa = PBXFileReference; lastKnownFileType = image.png; path = "blueIcon@2x.png"; sourceTree = "<group>"; };
		965B554B1E8E732400845FBE /* blueIcon@3x.png */ = {isa = PBXFileReference; lastKnownFileType = image.png; path = "blueIcon@3x.png"; sourceTree = "<group>"; };
		96DD107D1E8F5422003F59C1 /* blackIcon@2x.png */ = {isa = PBXFileReference; lastKnownFileType = image.png; path = "blackIcon@2x.png"; sourceTree = "<group>"; };
		96DD107E1E8F5422003F59C1 /* blackIcon@3x.png */ = {isa = PBXFileReference; lastKnownFileType = image.png; path = "blackIcon@3x.png"; sourceTree = "<group>"; };
/* End PBXFileReference section */

/* Begin PBXFrameworksBuildPhase section */
		965B55211E8E565D00845FBE /* Frameworks */ = {
			isa = PBXFrameworksBuildPhase;
			buildActionMask = 2147483647;
			files = (
			);
			runOnlyForDeploymentPostprocessing = 0;
		};
/* End PBXFrameworksBuildPhase section */

/* Begin PBXGroup section */
		965B551B1E8E565C00845FBE = {
			isa = PBXGroup;
			children = (
				965B55261E8E565D00845FBE /* AlternateIconsDemo */,
				965B55251E8E565D00845FBE /* Products */,
			);
			sourceTree = "<group>";
		};
		965B55251E8E565D00845FBE /* Products */ = {
			isa = PBXGroup;
			children = (
				965B55241E8E565D00845FBE /* AlternateIconsDemo.app */,
			);
			name = Products;
			sourceTree = "<group>";
		};
		965B55261E8E565D00845FBE /* AlternateIconsDemo */ = {
			isa = PBXGroup;
			children = (
				965B552A1E8E565D00845FBE /* AppDelegate.h */,
				965B552B1E8E565D00845FBE /* AppDelegate.m */,
				965B552D1E8E565D00845FBE /* ViewController.h */,
				965B552E1E8E565D00845FBE /* ViewController.m */,
				965B55301E8E565D00845FBE /* Main.storyboard */,
				965B55331E8E565D00845FBE /* Assets.xcassets */,
				965B55351E8E565D00845FBE /* LaunchScreen.storyboard */,
				965B55381E8E565D00845FBE /* Info.plist */,
				965B553E1E8E56B600845FBE /* redIcon@3x.png */,
				965B553F1E8E56B600845FBE /* redIcon@2x.png */,
				965B554A1E8E732400845FBE /* blueIcon@2x.png */,
				96DD107D1E8F5422003F59C1 /* blackIcon@2x.png */,
				96DD107E1E8F5422003F59C1 /* blackIcon@3x.png */,
				965B554B1E8E732400845FBE /* blueIcon@3x.png */,
				965B55271E8E565D00845FBE /* Supporting Files */,
			);
			path = AlternateIconsDemo;
			sourceTree = "<group>";
		};
		965B55271E8E565D00845FBE /* Supporting Files */ = {
			isa = PBXGroup;
			children = (
				965B55281E8E565D00845FBE /* main.m */,
			);
			name = "Supporting Files";
			sourceTree = "<group>";
		};
/* End PBXGroup section */

/* Begin PBXNativeTarget section */
		965B55231E8E565D00845FBE /* AlternateIconsDemo */ = {
			isa = PBXNativeTarget;
			buildConfigurationList = 965B553B1E8E565D00845FBE /* Build configuration list for PBXNativeTarget "AlternateIconsDemo" */;
			buildPhases = (
				965B55201E8E565D00845FBE /* Sources */,
				965B55211E8E565D00845FBE /* Frameworks */,
				965B55221E8E565D00845FBE /* Resources */,
			);
			buildRules = (
			);
			dependencies = (
			);
			name = AlternateIconsDemo;
			productName = AlternateIconsDemo;
			productReference = 965B55241E8E565D00845FBE /* AlternateIconsDemo.app */;
			productType = "com.apple.product-type.application";
		};
/* End PBXNativeTarget section */

/* Begin PBXProject section */
		965B551C1E8E565C00845FBE /* Project object */ = {
			isa = PBXProject;
			attributes = {
				LastUpgradeCheck = 0830;
				ORGANIZATIONNAME = Jason;
				TargetAttributes = {
					965B55231E8E565D00845FBE = {
						CreatedOnToolsVersion = 8.3;
						DevelopmentTeam = Y8J45MGVC8;
						ProvisioningStyle = Automatic;
					};
				};
			};
			buildConfigurationList = 965B551F1E8E565C00845FBE /* Build configuration list for PBXProject "AlternateIconsDemo" */;
			compatibilityVersion = "Xcode 3.2";
			developmentRegion = English;
			hasScannedForEncodings = 0;
			knownRegions = (
				en,
				Base,
			);
			mainGroup = 965B551B1E8E565C00845FBE;
			productRefGroup = 965B55251E8E565D00845FBE /* Products */;
			projectDirPath = "";
			projectRoot = "";
			targets = (
				965B55231E8E565D00845FBE /* AlternateIconsDemo */,
			);
		};
/* End PBXProject section */

/* Begin PBXResourcesBuildPhase section */
		965B55221E8E565D00845FBE /* Resources */ = {
			isa = PBXResourcesBuildPhase;
			buildActionMask = 2147483647;
			files = (
				965B55421E8E56B600845FBE /* redIcon@3x.png in Resources */,
				965B55371E8E565D00845FBE /* LaunchScreen.storyboard in Resources */,
				96DD10801E8F5422003F59C1 /* blackIcon@3x.png in Resources */,
				965B55341E8E565D00845FBE /* Assets.xcassets in Resources */,
				96DD107F1E8F5422003F59C1 /* blackIcon@2x.png in Resources */,
				965B554C1E8E732400845FBE /* blueIcon@2x.png in Resources */,
				965B55321E8E565D00845FBE /* Main.storyboard in Resources */,
				965B55431E8E56B600845FBE /* redIcon@2x.png in Resources */,
				965B554D1E8E732400845FBE /* blueIcon@3x.png in Resources */,
			);
			runOnlyForDeploymentPostprocessing = 0;
		};
/* End PBXResourcesBuildPhase section */

/* Begin PBXSourcesBuildPhase section */
		965B55201E8E565D00845FBE /* Sources */ = {
			isa = PBXSourcesBuildPhase;
			buildActionMask = 2147483647;
			files = (
				965B552F1E8E565D00845FBE /* ViewController.m in Sources */,
				965B552C1E8E565D00845FBE /* AppDelegate.m in Sources */,
				965B55291E8E565D00845FBE /* main.m in Sources */,
			);
			runOnlyForDeploymentPostprocessing = 0;
		};
/* End PBXSourcesBuildPhase section */

/* Begin PBXVariantGroup section */
		965B55301E8E565D00845FBE /* Main.storyboard */ = {
			isa = PBXVariantGroup;
			children = (
				965B55311E8E565D00845FBE /* Base */,
			);
			name = Main.storyboard;
			sourceTree = "<group>";
		};
		965B55351E8E565D00845FBE /* LaunchScreen.storyboard */ = {
			isa = PBXVariantGroup;
			children = (
				965B55361E8E565D00845FBE /* Base */,
			);
			name = LaunchScreen.storyboard;
			sourceTree = "<group>";
		};
/* End PBXVariantGroup section */

/* Begin XCBuildConfiguration section */
		965B55391E8E565D00845FBE /* Debug */ = {
			isa = XCBuildConfiguration;
			buildSettings = {
				ALWAYS_SEARCH_USER_PATHS = NO;
				CLANG_ANALYZER_NONNULL = YES;
				CLANG_ANALYZER_NUMBER_OBJECT_CONVERSION = YES_AGGRESSIVE;
				CLANG_CXX_LANGUAGE_STANDARD = "gnu++0x";
				CLANG_CXX_LIBRARY = "libc++";
				CLANG_ENABLE_MODULES = YES;
				CLANG_ENABLE_OBJC_ARC = YES;
				CLANG_WARN_BOOL_CONVERSION = YES;
				CLANG_WARN_CONSTANT_CONVERSION = YES;
				CLANG_WARN_DIRECT_OBJC_ISA_USAGE = YES_ERROR;
				CLANG_WARN_DOCUMENTATION_COMMENTS = YES;
				CLANG_WARN_EMPTY_BODY = YES;
				CLANG_WARN_ENUM_CONVERSION = YES;
				CLANG_WARN_INFINITE_RECURSION = YES;
				CLANG_WARN_INT_CONVERSION = YES;
				CLANG_WARN_OBJC_ROOT_CLASS = YES_ERROR;
				CLANG_WARN_SUSPICIOUS_MOVE = YES;
				CLANG_WARN_UNREACHABLE_CODE = YES;
				CLANG_WARN__DUPLICATE_METHOD_MATCH = YES;
				"CODE_SIGN_IDENTITY[sdk=iphoneos*]" = "iPhone Developer";
				COPY_PHASE_STRIP = NO;
				DEBUG_INFORMATION_FORMAT = dwarf;
				ENABLE_STRICT_OBJC_MSGSEND = YES;
				ENABLE_TESTABILITY = YES;
				GCC_C_LANGUAGE_STANDARD = gnu99;
				GCC_DYNAMIC_NO_PIC = NO;
				GCC_NO_COMMON_BLOCKS = YES;
				GCC_OPTIMIZATION_LEVEL = 0;
				GCC_PREPROCESSOR_DEFINITIONS = (
					"DEBUG=1",
					"$(inherited)",
				);
				GCC_WARN_64_TO_32_BIT_CONVERSION = YES;
				GCC_WARN_ABOUT_RETURN_TYPE = YES_ERROR;
				GCC_WARN_UNDECLARED_SELECTOR = YES;
				GCC_WARN_UNINITIALIZED_AUTOS = YES_AGGRESSIVE;
				GCC_WARN_UNUSED_FUNCTION = YES;
				GCC_WARN_UNUSED_VARIABLE = YES;
				IPHONEOS_DEPLOYMENT_TARGET = 10.3;
				MTL_ENABLE_DEBUG_INFO = YES;
				ONLY_ACTIVE_ARCH = YES;
				SDKROOT = iphoneos;
			};
			name = Debug;
		};
		965B553A1E8E565D00845FBE /* Release */ = {
			isa = XCBuildConfiguration;
			buildSettings = {
				ALWAYS_SEARCH_USER_PATHS = NO;
				CLANG_ANALYZER_NONNULL = YES;
				CLANG_ANALYZER_NUMBER_OBJECT_CONVERSION = YES_AGGRESSIVE;
				CLANG_CXX_LANGUAGE_STANDARD = "gnu++0x";
				CLANG_CXX_LIBRARY = "libc++";
				CLANG_ENABLE_MODULES = YES;
				CLANG_ENABLE_OBJC_ARC = YES;
				CLANG_WARN_BOOL_CONVERSION = YES;
				CLANG_WARN_CONSTANT_CONVERSION = YES;
				CLANG_WARN_DIRECT_OBJC_ISA_USAGE = YES_ERROR;
				CLANG_WARN_DOCUMENTATION_COMMENTS = YES;
				CLANG_WARN_EMPTY_BODY = YES;
				CLANG_WARN_ENUM_CONVERSION = YES;
				CLANG_WARN_INFINITE_RECURSION = YES;
				CLANG_WARN_INT_CONVERSION = YES;
				CLANG_WARN_OBJC_ROOT_CLASS = YES_ERROR;
				CLANG_WARN_SUSPICIOUS_MOVE = YES;
				CLANG_WARN_UNREACHABLE_CODE = YES;
				CLANG_WARN__DUPLICATE_METHOD_MATCH = YES;
				"CODE_SIGN_IDENTITY[sdk=iphoneos*]" = "iPhone Developer";
				COPY_PHASE_STRIP = NO;
				DEBUG_INFORMATION_FORMAT = "dwarf-with-dsym";
				ENABLE_NS_ASSERTIONS = NO;
				ENABLE_STRICT_OBJC_MSGSEND = YES;
				GCC_C_LANGUAGE_STANDARD = gnu99;
				GCC_NO_COMMON_BLOCKS = YES;
				GCC_WARN_64_TO_32_BIT_CONVERSION = YES;
				GCC_WARN_ABOUT_RETURN_TYPE = YES_ERROR;
				GCC_WARN_UNDECLARED_SELECTOR = YES;
				GCC_WARN_UNINITIALIZED_AUTOS = YES_AGGRESSIVE;
				GCC_WARN_UNUSED_FUNCTION = YES;
				GCC_WARN_UNUSED_VARIABLE = YES;
				IPHONEOS_DEPLOYMENT_TARGET = 10.3;
				MTL_ENABLE_DEBUG_INFO = NO;
				SDKROOT = iphoneos;
				VALIDATE_PRODUCT = YES;
			};
			name = Release;
		};
		965B553C1E8E565D00845FBE /* Debug */ = {
			isa = XCBuildConfiguration;
			buildSettings = {
				ASSETCATALOG_COMPILER_APPICON_NAME = AppIcon;
				DEVELOPMENT_TEAM = Y8J45MGVC8;
				INFOPLIST_FILE = AlternateIconsDemo/Info.plist;
				LD_RUNPATH_SEARCH_PATHS = "$(inherited) @executable_path/Frameworks";
				PRODUCT_BUNDLE_IDENTIFIER = com.chnsys.AlternateIconsDemo;
				PRODUCT_NAME = "$(TARGET_NAME)";
			};
			name = Debug;
		};
		965B553D1E8E565D00845FBE /* Release */ = {
			isa = XCBuildConfiguration;
			buildSettings = {
				ASSETCATALOG_COMPILER_APPICON_NAME = AppIcon;
				DEVELOPMENT_TEAM = Y8J45MGVC8;
				INFOPLIST_FILE = AlternateIconsDemo/Info.plist;
				LD_RUNPATH_SEARCH_PATHS = "$(inherited) @executable_path/Frameworks";
				PRODUCT_BUNDLE_IDENTIFIER = com.chnsys.AlternateIconsDemo;
				PRODUCT_NAME = "$(TARGET_NAME)";
			};
			name = Release;
		};
/* End XCBuildConfiguration section */

/* Begin XCConfigurationList section */
		965B551F1E8E565C00845FBE /* Build configuration list for PBXProject "AlternateIconsDemo" */ = {
			isa = XCConfigurationList;
			buildConfigurations = (
				965B55391E8E565D00845FBE /* Debug */,
				965B553A1E8E565D00845FBE /* Release */,
			);
			defaultConfigurationIsVisible = 0;
			defaultConfigurationName = Release;
		};
		965B553B1E8E565D00845FBE /* Build configuration list for PBXNativeTarget "AlternateIconsDemo" */ = {
			isa = XCConfigurationList;
			buildConfigurations = (
				965B553C1E8E565D00845FBE /* Debug */,
				965B553D1E8E565D00845FBE /* Release */,
			);
			defaultConfigurationIsVisible = 0;
			defaultConfigurationName = Release;
		};
/* End XCConfigurationList section */
	};
	rootObject = 965B551C1E8E565C00845FBE /* Project object */;
}
